
Microsoft Visual Studio Solution File, Format Version 12.00
# Visual Studio Version 17
VisualStudioVersion = 17.3.32901.215
MinimumVisualStudioVersion = 10.0.40219.1
Project("{FAE04EC0-301F-11D3-BF4B-00C04F79EFBC}") = "kitap", "kitap\kitap.csproj", "{35172409-945C-4E1E-B340-A4ACBEED2845}"
EndProject
Global
	GlobalSection(SolutionConfigurationPlatforms) = preSolution
		Debug|Any CPU = Debug|Any CPU
		Release|Any CPU = Release|Any CPU
	EndGlobalSection
	GlobalSection(ProjectConfigurationPlatforms) = postSolution
		{35172409-945C-4E1E-B340-A4ACBEED2845}.Debug|Any CPU.ActiveCfg = Debug|Any CPU
		{35172409-945C-4E1E-B340-A4ACBEED2845}.Debug|Any CPU.Build.0 = Debug|Any CPU
		{35172409-945C-4E1E-B340-A4ACBEED2845}.Release|Any CPU.ActiveCfg = Release|Any CPU
		{35172409-945C-4E1E-B340-A4ACBEED2845}.Release|Any CPU.Build.0 = Release|Any CPU
	EndGlobalSection
	GlobalSection(SolutionProperties) = preSolution
		HideSolutionNode = FALSE
	EndGlobalSection
	GlobalSection(ExtensibilityGlobals) = postSolution
		SolutionGuid = {48629567-065E-4800-ACB9-293192D863D7}
	EndGlobalSection
EndGlobal
